
Microsoft Visual Studio Solution File, Format Version 12.00
# Visual Studio Version 17
VisualStudioVersion = 17.11.35327.3
MinimumVisualStudioVersion = 10.0.40219.1
Project("{9A19103F-16F7-4668-BE54-9A1E7A4F7556}") = "Simulator", "Simulator\Simulator.csproj", "{F34A9EA2-251D-4B44-ADF4-4396457CD819}"
EndProject
Project("{2150E333-8FDC-42A3-9474-1A3956D46DE8}") = "Solution Items", "Solution Items", "{865DAD57-12EE-4765-8DC3-F9EA247EDE91}"
EndProject
Project("{9A19103F-16F7-4668-BE54-9A1E7A4F7556}") = "Runner", "Runner\Runner.csproj", "{78E94837-A48D-4EFE-A9F1-26EEBDFE0786}"
EndProject
Project("{9A19103F-16F7-4668-BE54-9A1E7A4F7556}") = "TestSimulator", "TestSimulator\TestSimulator.csproj", "{6B487304-D736-4396-B96E-5D5E2BB82BC2}"
EndProject
Project("{FAE04EC0-301F-11D3-BF4B-00C04F79EFBC}") = "SimConsole", "SimConsole\SimConsole.csproj", "{F5B0A97E-06D2-49B0-AA85-B8F71299B763}"
EndProject
Global
	GlobalSection(SolutionConfigurationPlatforms) = preSolution
		Debug|Any CPU = Debug|Any CPU
		Release|Any CPU = Release|Any CPU
	EndGlobalSection
	GlobalSection(ProjectConfigurationPlatforms) = postSolution
		{F34A9EA2-251D-4B44-ADF4-4396457CD819}.Debug|Any CPU.ActiveCfg = Debug|Any CPU
		{F34A9EA2-251D-4B44-ADF4-4396457CD819}.Debug|Any CPU.Build.0 = Debug|Any CPU
		{F34A9EA2-251D-4B44-ADF4-4396457CD819}.Release|Any CPU.ActiveCfg = Release|Any CPU
		{F34A9EA2-251D-4B44-ADF4-4396457CD819}.Release|Any CPU.Build.0 = Release|Any CPU
		{78E94837-A48D-4EFE-A9F1-26EEBDFE0786}.Debug|Any CPU.ActiveCfg = Debug|Any CPU
		{78E94837-A48D-4EFE-A9F1-26EEBDFE0786}.Debug|Any CPU.Build.0 = Debug|Any CPU
		{78E94837-A48D-4EFE-A9F1-26EEBDFE0786}.Release|Any CPU.ActiveCfg = Release|Any CPU
		{78E94837-A48D-4EFE-A9F1-26EEBDFE0786}.Release|Any CPU.Build.0 = Release|Any CPU
		{6B487304-D736-4396-B96E-5D5E2BB82BC2}.Debug|Any CPU.ActiveCfg = Debug|Any CPU
		{6B487304-D736-4396-B96E-5D5E2BB82BC2}.Debug|Any CPU.Build.0 = Debug|Any CPU
		{6B487304-D736-4396-B96E-5D5E2BB82BC2}.Release|Any CPU.ActiveCfg = Release|Any CPU
		{6B487304-D736-4396-B96E-5D5E2BB82BC2}.Release|Any CPU.Build.0 = Release|Any CPU
		{F5B0A97E-06D2-49B0-AA85-B8F71299B763}.Debug|Any CPU.ActiveCfg = Debug|Any CPU
		{F5B0A97E-06D2-49B0-AA85-B8F71299B763}.Debug|Any CPU.Build.0 = Debug|Any CPU
		{F5B0A97E-06D2-49B0-AA85-B8F71299B763}.Release|Any CPU.ActiveCfg = Release|Any CPU
		{F5B0A97E-06D2-49B0-AA85-B8F71299B763}.Release|Any CPU.Build.0 = Release|Any CPU
	EndGlobalSection
	GlobalSection(SolutionProperties) = preSolution
		HideSolutionNode = FALSE
	EndGlobalSection
	GlobalSection(ExtensibilityGlobals) = postSolution
		SolutionGuid = {2C0CDA77-BE4E-4579-B567-67BAB385D55A}
	EndGlobalSection
EndGlobal
